{
  "lockfile_version": "1",
  "packages": {
    "bash@latest": {
      "last_modified": "2024-01-31T11:44:42Z",
      "resolved": "github:NixOS/nixpkgs/269ce7215bb5b436546786e8d354d37903e102a8#bash",
      "source": "devbox-search",
      "version": "5.2-p21",
      "systems": {
        "aarch64-darwin": {
          "store_path": "/nix/store/0wzb184kckhmggq1nlvy5xk6rykp0jl1-bash-5.2-p21"
        },
        "aarch64-linux": {
          "store_path": "/nix/store/gzgl75pycp1yn0h1201v6bxw80xz0wn0-bash-5.2-p21"
        },
        "x86_64-darwin": {
          "store_path": "/nix/store/00khls1wnjwsx0z82f2rq5zr20rky3lg-bash-5.2-p21"
        },
        "x86_64-linux": {
          "store_path": "/nix/store/cjbyb45nxiqidj95c4k1mh65azn1x896-bash-5.2-p21"
        }
      }
    },
    "coreutils@latest": {
      "last_modified": "2024-01-27T14:55:31Z",
      "resolved": "github:NixOS/nixpkgs/160b762eda6d139ac10ae081f8f78d640dd523eb#coreutils",
      "source": "devbox-search",
      "version": "9.4",
      "systems": {
        "aarch64-darwin": {
          "store_path": "/nix/store/05f94jq5l6kfs9s3gyzj28y1v4xf6hfm-coreutils-9.4"
        },
        "aarch64-linux": {
          "store_path": "/nix/store/p6cw7zp8h6s9rkbj4lf9dzb3bzpq5qpy-coreutils-9.4"
        },
        "x86_64-darwin": {
          "store_path": "/nix/store/gf7r37m8v29i6r996y4brxh50fm85vjd-coreutils-9.4"
        },
        "x86_64-linux": {
          "store_path": "/nix/store/5idwbbv23b6vnqdicx97s3hsgrwwnj7j-coreutils-9.4"
        }
      }
    },
    "crane@latest": {
      "last_modified": "2024-01-31T06:48:05Z",
      "resolved": "github:NixOS/nixpkgs/5ad9903c16126a7d949101687af0aa589b1d7d3d#crane",
      "source": "devbox-search",
      "version": "0.19.0",
      "systems": {
        "aarch64-darwin": {
          "store_path": "/nix/store/435985j8kb546avmvafylq9d01bkh48i-go-containerregistry-0.19.0-crane"
        },
        "aarch64-linux": {
          "store_path": "/nix/store/yrbsmhill1hmgymw6yg182gj5if1vyi8-go-containerregistry-0.19.0-crane"
        },
        "x86_64-darwin": {
          "store_path": "/nix/store/6av0bpnjciwjq7267aiqcydn2xrm1id9-go-containerregistry-0.19.0-crane"
        },
        "x86_64-linux": {
          "store_path": "/nix/store/bg1xarwyrj69l6xfjdf5i0nkqv3wi3xv-go-containerregistry-0.19.0-crane"
        }
      }
    },
    "findutils@latest": {
      "last_modified": "2024-02-06T07:51:56Z",
      "resolved": "github:NixOS/nixpkgs/8cc79aa39bbc6eaedaf286ae655b224c71e02907#findutils",
      "source": "devbox-search",
      "version": "4.9.0",
      "systems": {
        "aarch64-darwin": {
          "store_path": "/nix/store/c0k7n8dbl8afgjsa4ibr3x4fhhp0rvfs-findutils-4.9.0"
        },
        "aarch64-linux": {
          "store_path": "/nix/store/ngcvhc28fzn5m9ywf92zz9zvs1ds9a1l-findutils-4.9.0"
        },
        "x86_64-darwin": {
          "store_path": "/nix/store/n5brpqbxdfvdn33s3xnl0mxrvdab9hpl-findutils-4.9.0"
        },
        "x86_64-linux": {
          "store_path": "/nix/store/4ajik70nplhkb8ndn3gqh7v0b09hmvg9-findutils-4.9.0"
        }
      }
    },
    "ginkgo@latest": {
      "last_modified": "2024-01-27T14:55:31Z",
      "resolved": "github:NixOS/nixpkgs/160b762eda6d139ac10ae081f8f78d640dd523eb#ginkgo",
      "source": "devbox-search",
      "version": "2.15.0",
      "systems": {
        "aarch64-darwin": {
          "store_path": "/nix/store/9r7yfsr3qjfb8n0j6flwpkm8hcgj0s32-ginkgo-2.15.0"
        },
        "aarch64-linux": {
          "store_path": "/nix/store/xl1x5phw1wi8hwx2v46g78s1njkhfd1k-ginkgo-2.15.0"
        },
        "x86_64-darwin": {
          "store_path": "/nix/store/a37p0h1mvcsy6wbvxxy3xm55z6ybqpnx-ginkgo-2.15.0"
        },
        "x86_64-linux": {
          "store_path": "/nix/store/by987kxzdcgr15wzndw2s6biwg30lqlg-ginkgo-2.15.0"
        }
      }
    },
    "git@latest": {
      "last_modified": "2024-01-27T14:55:31Z",
      "resolved": "github:NixOS/nixpkgs/160b762eda6d139ac10ae081f8f78d640dd523eb#git",
      "source": "devbox-search",
      "version": "2.43.0",
      "systems": {
        "aarch64-darwin": {
          "store_path": "/nix/store/ylm8lw53fkk4hmxaccirg67fcrwp4q6w-git-2.43.0"
        },
        "aarch64-linux": {
          "store_path": "/nix/store/ylpc6py8hgvmq98z94jwswilmj2gb8hj-git-2.43.0"
        },
        "x86_64-darwin": {
          "store_path": "/nix/store/h8ch2sy5gv6ry9hwmmsxsn6hbm6pdc9r-git-2.43.0"
        },
        "x86_64-linux": {
          "store_path": "/nix/store/za04kin80ybavb7qp577dghpax4mf82z-git-2.43.0"
        }
      }
    },
    "gnugrep@latest": {
      "last_modified": "2024-01-27T14:55:31Z",
      "resolved": "github:NixOS/nixpkgs/160b762eda6d139ac10ae081f8f78d640dd523eb#gnugrep",
      "source": "devbox-search",
      "version": "3.11",
      "systems": {
        "aarch64-darwin": {
          "store_path": "/nix/store/08nb1wjqrmcr8x0g7l1p3i8j16in3606-gnugrep-3.11"
        },
        "aarch64-linux": {
          "store_path": "/nix/store/fj329sjkgxzd5swqjrf06lx44yw413gm-gnugrep-3.11"
        },
        "x86_64-darwin": {
          "store_path": "/nix/store/pjrhzws9hlxwpl4w5jsb3nr6ggn6vvf7-gnugrep-3.11"
        },
        "x86_64-linux": {
          "store_path": "/nix/store/6i00hdmzlj56qy500p5gb5v88wfj6nhg-gnugrep-3.11"
        }
      }
    },
    "gnumake@latest": {
      "last_modified": "2024-02-07T01:22:34Z",
      "resolved": "github:NixOS/nixpkgs/f8e2ebd66d097614d51a56a755450d4ae1632df1#gnumake",
      "source": "devbox-search",
      "version": "4.4.1",
      "systems": {
        "aarch64-darwin": {
          "store_path": "/nix/store/axhb1ak9cqg77li19yvqv2n18aznh45z-gnumake-4.4.1"
        },
        "aarch64-linux": {
          "store_path": "/nix/store/kaaim04hxl4nvm6kq5afvngzbf619fk5-gnumake-4.4.1"
        },
        "x86_64-darwin": {
          "store_path": "/nix/store/5bjfl0c3dv7bznvmb79iinx0lya5jqr5-gnumake-4.4.1"
        },
        "x86_64-linux": {
          "store_path": "/nix/store/ib699rn89j97h24kjawg4r2c083wz4jr-gnumake-4.4.1"
        }
      }
    },
    "gnused@latest": {
      "last_modified": "2024-01-27T14:55:31Z",
      "resolved": "github:NixOS/nixpkgs/160b762eda6d139ac10ae081f8f78d640dd523eb#gnused",
      "source": "devbox-search",
      "version": "4.9",
      "systems": {
        "aarch64-darwin": {
          "store_path": "/nix/store/v5mi2yzla9d240q8jfmrav754lqr3qha-gnused-4.9"
        },
        "aarch64-linux": {
          "store_path": "/nix/store/padfr2k4a9jn3wfraa31c0y6pdcpqf7q-gnused-4.9"
        },
        "x86_64-darwin": {
          "store_path": "/nix/store/456iirldpvv5mhxx9zxrbpgmwg997b6i-gnused-4.9"
        },
        "x86_64-linux": {
          "store_path": "/nix/store/9zial3lqry9f7rsw31r7vs5p1mnb7lan-gnused-4.9"
        }
      }
    },
    "go@latest": {
      "last_modified": "2024-02-08T11:55:47Z",
      "resolved": "github:NixOS/nixpkgs/c0b7a892fb042ede583bdaecbbdc804acb85eabe#go_1_22",
      "source": "devbox-search",
      "version": "1.22.0",
      "systems": {
        "aarch64-darwin": {
          "store_path": "/nix/store/2022s0jnrn2iyxjaikfy51w5fvifp38b-go-1.22.0"
        },
        "aarch64-linux": {
          "store_path": "/nix/store/7wxzkvjv8qc2awhagpz0r8q9ay38q3wj-go-1.22.0"
        },
        "x86_64-darwin": {
          "store_path": "/nix/store/fgkl3qk8p5hnd07b0dhzfky3ys5gxjmq-go-1.22.0"
        },
        "x86_64-linux": {
          "store_path": "/nix/store/88y9r33p3j8f7bc8sqiy9jdlk7yqfrlg-go-1.22.0"
        }
      }
    },
    "gojq@latest": {
      "last_modified": "2024-01-27T14:55:31Z",
      "resolved": "github:NixOS/nixpkgs/160b762eda6d139ac10ae081f8f78d640dd523eb#gojq",
      "source": "devbox-search",
      "version": "0.12.14",
      "systems": {
        "aarch64-darwin": {
          "store_path": "/nix/store/r1rs9iawlngbsk3xkhc98iy0wli9ah7z-gojq-0.12.14"
        },
        "aarch64-linux": {
          "store_path": "/nix/store/jvg88ly2lypdn5jg9556grbfizdisrd4-gojq-0.12.14"
        },
        "x86_64-darwin": {
          "store_path": "/nix/store/hljg65f22yjwgylzgx2hmys4shdfx6p1-gojq-0.12.14"
        },
        "x86_64-linux": {
          "store_path": "/nix/store/3mllrsj7a340gpb9p9vbyx044bdkps6i-gojq-0.12.14"
        }
      }
    },
    "golines@latest": {
      "last_modified": "2024-01-28T16:40:23Z",
      "resolved": "github:NixOS/nixpkgs/902d74314fae5eb824bc7b597bd4d39640345557#golines",
      "source": "devbox-search",
      "version": "0.12.2",
      "systems": {
        "aarch64-darwin": {
          "store_path": "/nix/store/29v1zg99bykicvii8k6x460vniwbyhds-golines-0.12.2"
        },
        "aarch64-linux": {
          "store_path": "/nix/store/x5hf86jv3dmx0g41v0cskybcv5wpjp4y-golines-0.12.2"
        },
        "x86_64-darwin": {
          "store_path": "/nix/store/ffmcdgh0mlbh0z6iygjxgplrp8z4qf9d-golines-0.12.2"
        },
        "x86_64-linux": {
          "store_path": "/nix/store/qrxxlmxldvxspj4sryydxkl6x06s64y5-golines-0.12.2"
        }
      }
    },
    "goreleaser@latest": {
      "last_modified": "2024-02-08T11:55:47Z",
      "resolved": "github:NixOS/nixpkgs/c0b7a892fb042ede583bdaecbbdc804acb85eabe#goreleaser",
      "source": "devbox-search",
      "version": "1.24.0",
      "systems": {
        "aarch64-darwin": {
          "store_path": "/nix/store/iiw00h0wdd46hcnr2b90b6nj2a730fwz-goreleaser-1.24.0"
        },
        "aarch64-linux": {
          "store_path": "/nix/store/sy65pqihca3ybrr4bylhvandd01cjjd1-goreleaser-1.24.0"
        },
        "x86_64-darwin": {
          "store_path": "/nix/store/blyg0qmg0fnm2bcnnnlxy1gi69ja5r5m-goreleaser-1.24.0"
        },
        "x86_64-linux": {
          "store_path": "/nix/store/m3jc0h1gdk2psjdbm9a415lldw41bmcv-goreleaser-1.24.0"
        }
      }
    },
    "gotestsum@latest": {
      "last_modified": "2024-01-27T14:55:31Z",
      "resolved": "github:NixOS/nixpkgs/160b762eda6d139ac10ae081f8f78d640dd523eb#gotestsum",
      "source": "devbox-search",
      "version": "1.10.1",
      "systems": {
        "aarch64-darwin": {
          "store_path": "/nix/store/v6xdsi7cjd4d4461vh1k857h1aa71v6c-gotestsum-1.10.1"
        },
        "aarch64-linux": {
          "store_path": "/nix/store/k158x6n69bwc4ziwsz3bhkk8qky2dyvi-gotestsum-1.10.1"
        },
        "x86_64-darwin": {
          "store_path": "/nix/store/a36zkipccd9rwpb0g4cdxksywn94s5sp-gotestsum-1.10.1"
        },
        "x86_64-linux": {
          "store_path": "/nix/store/72i26iim65y65qgq6q9vay9pgw9wfm03-gotestsum-1.10.1"
        }
      }
    },
    "ko@latest": {
      "last_modified": "2024-01-27T14:55:31Z",
      "resolved": "github:NixOS/nixpkgs/160b762eda6d139ac10ae081f8f78d640dd523eb#ko",
      "source": "devbox-search",
      "version": "0.15.1",
      "systems": {
        "aarch64-darwin": {
          "store_path": "/nix/store/xyw8b09z94kq29gnc6hcxm9j10g4j61c-ko-0.15.1"
        },
        "aarch64-linux": {
          "store_path": "/nix/store/a356diaii9gck0wpdagi1h27pfhwlpdb-ko-0.15.1"
        },
        "x86_64-darwin": {
          "store_path": "/nix/store/xv6c29rj6iiib55a2ka7wv4x07kz9din-ko-0.15.1"
        },
        "x86_64-linux": {
          "store_path": "/nix/store/vwn30q29g1l8qwyr5q97f1izq2n97ggk-ko-0.15.1"
        }
      }
    },
    "kubernetes-helm@latest": {
      "last_modified": "2024-02-05T02:15:44Z",
      "resolved": "github:NixOS/nixpkgs/0a254180b4cad6be45aa46dce896bdb8db5d2930#kubernetes-helm",
      "source": "devbox-search",
      "version": "3.14.0",
      "systems": {
        "aarch64-darwin": {
          "store_path": "/nix/store/yf7yqb2vj1lz3gak1ks3y49jc3s4lvrf-kubernetes-helm-3.14.0"
        },
        "aarch64-linux": {
          "store_path": "/nix/store/l7792lmxgplsdmv4j3725p24cbg64r85-kubernetes-helm-3.14.0"
        },
        "x86_64-darwin": {
          "store_path": "/nix/store/d7mv4rrivbg149q7cdsp6nnlxnv00pw8-kubernetes-helm-3.14.0"
        },
        "x86_64-linux": {
          "store_path": "/nix/store/4pmm72nvdd2i0cs67y0sbg7b1lk5f84d-kubernetes-helm-3.14.0"
        }
      }
    },
    "pre-commit@latest": {
      "last_modified": "2024-01-28T16:40:23Z",
      "resolved": "github:NixOS/nixpkgs/902d74314fae5eb824bc7b597bd4d39640345557#pre-commit",
      "source": "devbox-search",
      "version": "3.6.0",
      "systems": {
        "aarch64-darwin": {
          "store_path": "/nix/store/a20aq6qhs0zz7dj9131diyn8sc5bb9qd-pre-commit-3.6.0"
        },
        "aarch64-linux": {
          "store_path": "/nix/store/rvhjwfaky3vkclxk31ns0lhcynnjikyh-pre-commit-3.6.0"
        },
        "x86_64-darwin": {
          "store_path": "/nix/store/05hqvj5z9jscc9lx2l8ma0yf258a6kls-pre-commit-3.6.0"
        },
        "x86_64-linux": {
          "store_path": "/nix/store/wzybq4394zfr3m5p0khs02i66x33cc8i-pre-commit-3.6.0"
        }
      }
    },
    "shfmt@latest": {
      "last_modified": "2024-01-27T14:55:31Z",
      "resolved": "github:NixOS/nixpkgs/160b762eda6d139ac10ae081f8f78d640dd523eb#shfmt",
      "source": "devbox-search",
      "version": "3.7.0",
      "systems": {
        "aarch64-darwin": {
          "store_path": "/nix/store/k0jjqapfikg60p6sqx62xrcqw6i5zl0s-shfmt-3.7.0"
        },
        "aarch64-linux": {
          "store_path": "/nix/store/xx47ra9ng1lhfifal7wgjhbkcskjvyxw-shfmt-3.7.0"
        },
        "x86_64-darwin": {
          "store_path": "/nix/store/6gdfkrs3h691d07qfxn4gs17dlpq1rav-shfmt-3.7.0"
        },
        "x86_64-linux": {
          "store_path": "/nix/store/plz665y0qqhiqc0ys3nwnvlq262ka24b-shfmt-3.7.0"
        }
      }
    },
    "upx@latest": {
      "last_modified": "2024-01-27T14:55:31Z",
      "resolved": "github:NixOS/nixpkgs/160b762eda6d139ac10ae081f8f78d640dd523eb#upx",
      "source": "devbox-search",
      "version": "4.2.2",
      "systems": {
        "aarch64-darwin": {
          "store_path": "/nix/store/pv1bi5h5sz120gmf6a8g0rbk4mpsyjlc-upx-4.2.2"
        },
        "aarch64-linux": {
          "store_path": "/nix/store/xmzgc3hamya98h69w63r5g291yjy6k96-upx-4.2.2"
        },
        "x86_64-darwin": {
          "store_path": "/nix/store/63c5bhzl5dzc1g128gw4qgllahkhdn7v-upx-4.2.2"
        },
        "x86_64-linux": {
          "store_path": "/nix/store/7szd9lb7gdp2rzbfssq5j1xfxj230mcw-upx-4.2.2"
        }
      }
    }
  }
}
