{
  "lockfile_version": "1",
  "packages": {
    "bash@latest": {
      "last_modified": "2024-02-28T06:32:26Z",
      "resolved": "github:NixOS/nixpkgs/d53c2037394da6fe98decca417fc8fda64bf2443#bash",
      "source": "devbox-search",
      "version": "5.2p26",
      "systems": {
        "aarch64-darwin": {
          "store_path": "/nix/store/mg966h6cir056vnva84lw86wxp1f2z2m-bash-5.2p26"
        },
        "aarch64-linux": {
          "store_path": "/nix/store/2icvzb9pj2ryvsy1m9jf4kj2mbkgbczj-bash-5.2p26"
        },
        "x86_64-darwin": {
          "store_path": "/nix/store/vinb41b7n89lrs9g0b7wh4vdwnwjs5b7-bash-5.2p26"
        },
        "x86_64-linux": {
          "store_path": "/nix/store/087167dfxal194pm54cmcbbxsfy3cjgn-bash-5.2p26"
        }
      }
    },
    "coreutils@latest": {
      "last_modified": "2024-02-29T09:51:49Z",
      "resolved": "github:NixOS/nixpkgs/ebe6e807793e7c9cc59cf81225fdee1a03413811#coreutils",
      "source": "devbox-search",
      "version": "9.4",
      "systems": {
        "aarch64-darwin": {
          "store_path": "/nix/store/2bglpqk4wxizbjpri67lbjgngs3pyjag-coreutils-9.4"
        },
        "aarch64-linux": {
          "store_path": "/nix/store/hbh2gmp1idyjzw2wdh50idi8q01xm6yb-coreutils-9.4"
        },
        "x86_64-darwin": {
          "store_path": "/nix/store/mwjyhjnq90q9anil7xdi1wfrwsh7pxlg-coreutils-9.4"
        },
        "x86_64-linux": {
          "store_path": "/nix/store/x1xcjw5628crkk1pwr12y7nwbzkc3969-coreutils-9.4"
        }
      }
    },
    "crane@latest": {
      "last_modified": "2024-02-24T23:06:34Z",
      "resolved": "github:NixOS/nixpkgs/9a9dae8f6319600fa9aebde37f340975cab4b8c0#crane",
      "source": "devbox-search",
      "version": "0.19.0",
      "systems": {
        "aarch64-darwin": {
          "store_path": "/nix/store/ysipqj7q72jbmd0w2ryvnlskmbd40naf-go-containerregistry-0.19.0-crane"
        },
        "aarch64-linux": {
          "store_path": "/nix/store/5nhkpkj1rfqlibsjlimm3hdh3fpdi1z4-go-containerregistry-0.19.0-crane"
        },
        "x86_64-darwin": {
          "store_path": "/nix/store/f8lmx4s53j93c94q2frgw1bafkh5p6is-go-containerregistry-0.19.0-crane"
        },
        "x86_64-linux": {
          "store_path": "/nix/store/j39wizlfs5ll4sg993p142m85z8cwjdl-go-containerregistry-0.19.0-crane"
        }
      }
    },
    "findutils@latest": {
      "last_modified": "2024-02-29T09:51:49Z",
      "resolved": "github:NixOS/nixpkgs/ebe6e807793e7c9cc59cf81225fdee1a03413811#findutils",
      "source": "devbox-search",
      "version": "4.9.0",
      "systems": {
        "aarch64-darwin": {
          "store_path": "/nix/store/7s1dc5phmyr4vyf1lz7rvhkyz567cwkh-findutils-4.9.0"
        },
        "aarch64-linux": {
          "store_path": "/nix/store/9pfnndp3l9aj4a905r4k1m6iwcbl6vpj-findutils-4.9.0"
        },
        "x86_64-darwin": {
          "store_path": "/nix/store/r33x9qyyi9m0j9v48hw8pjmbg7lrkay0-findutils-4.9.0"
        },
        "x86_64-linux": {
          "store_path": "/nix/store/i6y16f2jzcv1g1k12qdkislh3yqk2rl7-findutils-4.9.0"
        }
      }
    },
    "ginkgo@latest": {
      "last_modified": "2024-02-24T23:06:34Z",
      "resolved": "github:NixOS/nixpkgs/9a9dae8f6319600fa9aebde37f340975cab4b8c0#ginkgo",
      "source": "devbox-search",
      "version": "2.15.0",
      "systems": {
        "aarch64-darwin": {
          "store_path": "/nix/store/4prb1gpn2nkl7wk0x8xds0b7wkprmbgx-ginkgo-2.15.0"
        },
        "aarch64-linux": {
          "store_path": "/nix/store/dgjsh18pggq2br853y0r9ay6csmg5np2-ginkgo-2.15.0"
        },
        "x86_64-darwin": {
          "store_path": "/nix/store/wq8r1hjrqzmcf40san5wwyq7pclm04yh-ginkgo-2.15.0"
        },
        "x86_64-linux": {
          "store_path": "/nix/store/v882ihw9y8iaw61v5qm4cyk5252f807b-ginkgo-2.15.0"
        }
      }
    },
    "git@latest": {
      "last_modified": "2024-02-29T18:14:35Z",
      "resolved": "github:NixOS/nixpkgs/b5f6e3881acf8ca8a35b8cdb8d4021e5bd469a4e#git",
      "source": "devbox-search",
      "version": "2.43.1",
      "systems": {
        "aarch64-darwin": {
          "store_path": "/nix/store/ycg59v1gfzmv8bnnrlpqhprnfn7y6v7b-git-2.43.1"
        },
        "aarch64-linux": {
          "store_path": "/nix/store/idq6ygdm30ka8f577qih3ysl7jjhbp7b-git-2.43.1"
        },
        "x86_64-darwin": {
          "store_path": "/nix/store/5pp0150mbgr2r6lg4x84l2d7hgk38f3d-git-2.43.1"
        },
        "x86_64-linux": {
          "store_path": "/nix/store/g6343av5x49smrfb16j61cif88xahjvz-git-2.43.1"
        }
      }
    },
    "gnugrep@latest": {
      "last_modified": "2024-02-24T23:06:34Z",
      "resolved": "github:NixOS/nixpkgs/9a9dae8f6319600fa9aebde37f340975cab4b8c0#gnugrep",
      "source": "devbox-search",
      "version": "3.11",
      "systems": {
        "aarch64-darwin": {
          "store_path": "/nix/store/rfdacwgv5cy79pvb2jsxxsp14znkvsmm-gnugrep-3.11"
        },
        "aarch64-linux": {
          "store_path": "/nix/store/5fn8gw10q5nq3wqz84q29j9zd9wxba6k-gnugrep-3.11"
        },
        "x86_64-darwin": {
          "store_path": "/nix/store/cf5n95d4638pkglhcnagyfc52ff4gqa6-gnugrep-3.11"
        },
        "x86_64-linux": {
          "store_path": "/nix/store/11b3chszacfr9liy829xqknzp3q88iji-gnugrep-3.11"
        }
      }
    },
    "gnumake@latest": {
      "last_modified": "2024-02-29T09:51:49Z",
      "resolved": "github:NixOS/nixpkgs/ebe6e807793e7c9cc59cf81225fdee1a03413811#gnumake",
      "source": "devbox-search",
      "version": "4.4.1",
      "systems": {
        "aarch64-darwin": {
          "store_path": "/nix/store/zck5w8rnl19lmhd7yziklfy9k8d27b78-gnumake-4.4.1"
        },
        "aarch64-linux": {
          "store_path": "/nix/store/bgiym6xlq879xc1d9igqfb3m5apnvmay-gnumake-4.4.1"
        },
        "x86_64-darwin": {
          "store_path": "/nix/store/m22igvglfrfgfp1hghm3k6b294yfsbkc-gnumake-4.4.1"
        },
        "x86_64-linux": {
          "store_path": "/nix/store/3bghwhn9ymgxmxcd1igbcvsl4234hvfb-gnumake-4.4.1"
        }
      }
    },
    "gnused@latest": {
      "last_modified": "2024-02-24T23:06:34Z",
      "resolved": "github:NixOS/nixpkgs/9a9dae8f6319600fa9aebde37f340975cab4b8c0#gnused",
      "source": "devbox-search",
      "version": "4.9",
      "systems": {
        "aarch64-darwin": {
          "store_path": "/nix/store/06ssrlqvp52i2v380a923kn0ls0g649f-gnused-4.9"
        },
        "aarch64-linux": {
          "store_path": "/nix/store/f3dmzlahl1avdbcbanfyyq8l8aycrzbn-gnused-4.9"
        },
        "x86_64-darwin": {
          "store_path": "/nix/store/v05rqmrycsb3n6l4rrkfd567kxs0bqg5-gnused-4.9"
        },
        "x86_64-linux": {
          "store_path": "/nix/store/y1y3rml47qnh0giqd32mj07qxxqy13qg-gnused-4.9"
        }
      }
    },
    "go@latest": {
      "last_modified": "2024-02-24T23:06:34Z",
      "resolved": "github:NixOS/nixpkgs/9a9dae8f6319600fa9aebde37f340975cab4b8c0#go_1_22",
      "source": "devbox-search",
      "version": "1.22.0",
      "systems": {
        "aarch64-darwin": {
          "store_path": "/nix/store/sbg2nmns0b8invf6ws8yid0gdak18w4d-go-1.22.0"
        },
        "aarch64-linux": {
          "store_path": "/nix/store/48bhxp3lncnmss2i3f44k3r7wgcm0ijk-go-1.22.0"
        },
        "x86_64-darwin": {
          "store_path": "/nix/store/3xay4cky9vhc2ir4prv53n5gbgal0nlj-go-1.22.0"
        },
        "x86_64-linux": {
          "store_path": "/nix/store/8yw3g52r95h7cv09lcrran92n212997b-go-1.22.0"
        }
      }
    },
    "gojq@latest": {
      "last_modified": "2024-02-24T23:06:34Z",
      "resolved": "github:NixOS/nixpkgs/9a9dae8f6319600fa9aebde37f340975cab4b8c0#gojq",
      "source": "devbox-search",
      "version": "0.12.14",
      "systems": {
        "aarch64-darwin": {
          "store_path": "/nix/store/ds4sm81v4f793abvykz1a0ys3y2l934l-gojq-0.12.14"
        },
        "aarch64-linux": {
          "store_path": "/nix/store/6kb0wy12azm41jm9hyyq7pzm4xd11cvn-gojq-0.12.14"
        },
        "x86_64-darwin": {
          "store_path": "/nix/store/9wlvr23f8xcyzxhnfjp3ax7j1agbh3aa-gojq-0.12.14"
        },
        "x86_64-linux": {
          "store_path": "/nix/store/ik58vwn1y1r6ba44w9axc8k2girqgs12-gojq-0.12.14"
        }
      }
    },
    "golines@latest": {
      "last_modified": "2024-02-24T23:06:34Z",
      "resolved": "github:NixOS/nixpkgs/9a9dae8f6319600fa9aebde37f340975cab4b8c0#golines",
      "source": "devbox-search",
      "version": "0.12.2",
      "systems": {
        "aarch64-darwin": {
          "store_path": "/nix/store/n13z208v0qrlxhw61f1hkxyjhj1ahkr5-golines-0.12.2"
        },
        "aarch64-linux": {
          "store_path": "/nix/store/wpmp8csj288kj9xgbnh2g2v1ags01x32-golines-0.12.2"
        },
        "x86_64-darwin": {
          "store_path": "/nix/store/qnzwk3qrsaybmy2why4y4rs77xg89snq-golines-0.12.2"
        },
        "x86_64-linux": {
          "store_path": "/nix/store/cbahlcv105cvqdpljra4sy99pjbmv3rh-golines-0.12.2"
        }
      }
    },
    "goreleaser@latest": {
      "last_modified": "2024-02-24T23:06:34Z",
      "resolved": "github:NixOS/nixpkgs/9a9dae8f6319600fa9aebde37f340975cab4b8c0#goreleaser",
      "source": "devbox-search",
      "version": "1.24.0",
      "systems": {
        "aarch64-darwin": {
          "store_path": "/nix/store/p56s5h35l87iykny3h14gzgnj7j08k29-goreleaser-1.24.0"
        },
        "aarch64-linux": {
          "store_path": "/nix/store/1vgbwvig6xnnh0frda18x4fmxvyb7qah-goreleaser-1.24.0"
        },
        "x86_64-darwin": {
          "store_path": "/nix/store/whxhr317dpqa32k5xfzgf5fqbipb5frw-goreleaser-1.24.0"
        },
        "x86_64-linux": {
          "store_path": "/nix/store/3ibvjp4k9r9f5sfm47dp0w1bqr6wq550-goreleaser-1.24.0"
        }
      }
    },
    "gotestsum@latest": {
      "last_modified": "2024-02-24T23:06:34Z",
      "resolved": "github:NixOS/nixpkgs/9a9dae8f6319600fa9aebde37f340975cab4b8c0#gotestsum",
      "source": "devbox-search",
      "version": "1.10.1",
      "systems": {
        "aarch64-darwin": {
          "store_path": "/nix/store/aaskz34chxrckrdmd68wy2yx9m9j30d8-gotestsum-1.10.1"
        },
        "aarch64-linux": {
          "store_path": "/nix/store/v1xrg73f38xr522ah3grv3hfgysxlian-gotestsum-1.10.1"
        },
        "x86_64-darwin": {
          "store_path": "/nix/store/zpajd3kzdq81kwvnvi2fl5i6x1w7f4r4-gotestsum-1.10.1"
        },
        "x86_64-linux": {
          "store_path": "/nix/store/kzgb0ykdb2pqp7vs2b5mzbpa02dq3ifj-gotestsum-1.10.1"
        }
      }
    },
    "ko@latest": {
      "last_modified": "2024-02-24T23:06:34Z",
      "resolved": "github:NixOS/nixpkgs/9a9dae8f6319600fa9aebde37f340975cab4b8c0#ko",
      "source": "devbox-search",
      "version": "0.15.2",
      "systems": {
        "aarch64-darwin": {
          "store_path": "/nix/store/w1956i0wk0js5xlzxdzj8wf6svqqh9vq-ko-0.15.2"
        },
        "aarch64-linux": {
          "store_path": "/nix/store/aiqhkbfp8b7w8prph4njlnxb1p1ll83w-ko-0.15.2"
        },
        "x86_64-darwin": {
          "store_path": "/nix/store/7y9hnyn6a6073883qvsw0wsdh84riajb-ko-0.15.2"
        },
        "x86_64-linux": {
          "store_path": "/nix/store/jwsiwj876pc96xgahnpasbnk4fb226c3-ko-0.15.2"
        }
      }
    },
    "kubernetes-helm@latest": {
      "last_modified": "2024-02-24T23:06:34Z",
      "resolved": "github:NixOS/nixpkgs/9a9dae8f6319600fa9aebde37f340975cab4b8c0#kubernetes-helm",
      "source": "devbox-search",
      "version": "3.14.2",
      "systems": {
        "aarch64-darwin": {
          "store_path": "/nix/store/95ngnzd3lhj8w1rs4yaa3783f9dcpmw0-kubernetes-helm-3.14.2"
        },
        "aarch64-linux": {
          "store_path": "/nix/store/m2a6za3kgx7c9gj4c6dp8yrl19y8ybba-kubernetes-helm-3.14.2"
        },
        "x86_64-darwin": {
          "store_path": "/nix/store/62h63smhvj8cxdp1973x5323brykp5z2-kubernetes-helm-3.14.2"
        },
        "x86_64-linux": {
          "store_path": "/nix/store/dcsaszcv7kyipc2l4r9qwpnk2j9kizq0-kubernetes-helm-3.14.2"
        }
      }
    },
    "pre-commit@latest": {
      "last_modified": "2024-02-24T23:06:34Z",
      "resolved": "github:NixOS/nixpkgs/9a9dae8f6319600fa9aebde37f340975cab4b8c0#pre-commit",
      "source": "devbox-search",
      "version": "3.6.1",
      "systems": {
        "aarch64-darwin": {
          "store_path": "/nix/store/z02qsxbka1x8s1gm05fpnbwvxmq2akrn-pre-commit-3.6.1"
        },
        "aarch64-linux": {
          "store_path": "/nix/store/ynb360fgbwgn7knmv493ygifr1rykhga-pre-commit-3.6.1"
        },
        "x86_64-darwin": {
          "store_path": "/nix/store/wy0a2dsw6322pyljd1vc8yzd9cffzi3j-pre-commit-3.6.1"
        },
        "x86_64-linux": {
          "store_path": "/nix/store/g7vqxkmfy6s5j4642cgmfvkdfa0dgjqk-pre-commit-3.6.1"
        }
      }
    },
    "shfmt@latest": {
      "last_modified": "2024-02-24T23:06:34Z",
      "resolved": "github:NixOS/nixpkgs/9a9dae8f6319600fa9aebde37f340975cab4b8c0#shfmt",
      "source": "devbox-search",
      "version": "3.8.0",
      "systems": {
        "aarch64-darwin": {
          "store_path": "/nix/store/26mc916f9c67443964h8q614h2lyb6ib-shfmt-3.8.0"
        },
        "aarch64-linux": {
          "store_path": "/nix/store/89mq1y99wsnp51fmp9674rmq31wqhzmr-shfmt-3.8.0"
        },
        "x86_64-darwin": {
          "store_path": "/nix/store/2q1s3ln4frin4i5cllsvkaa9hs83gqig-shfmt-3.8.0"
        },
        "x86_64-linux": {
          "store_path": "/nix/store/q0fc85qxk666dccnlsyaq5mwb21m660p-shfmt-3.8.0"
        }
      }
    },
    "upx@latest": {
      "last_modified": "2024-02-24T23:06:34Z",
      "resolved": "github:NixOS/nixpkgs/9a9dae8f6319600fa9aebde37f340975cab4b8c0#upx",
      "source": "devbox-search",
      "version": "4.2.2",
      "systems": {
        "aarch64-darwin": {
          "store_path": "/nix/store/x313cqa39dn86m5b7rg1xcyr2bp6lvqf-upx-4.2.2"
        },
        "aarch64-linux": {
          "store_path": "/nix/store/16jq2g6s9asqaq49pm0k11945v4gbv3r-upx-4.2.2"
        },
        "x86_64-darwin": {
          "store_path": "/nix/store/zxrzijk4yzx44b9ykl0h6qhd83b7gj80-upx-4.2.2"
        },
        "x86_64-linux": {
          "store_path": "/nix/store/vlqp1y4h07sq6cywjw3dkny6k1h6mc18-upx-4.2.2"
        }
      }
    }
  }
}
