{
  "lockfile_version": "1",
  "packages": {
    "actionlint@latest": {
      "last_modified": "2024-05-10T04:49:03Z",
      "resolved": "github:NixOS/nixpkgs/c669412a552f31c45adad47894e7fd6a8698e53f#actionlint",
      "source": "devbox-search",
      "version": "1.7.0",
      "systems": {
        "aarch64-darwin": {
          "outputs": [
            {
              "name": "out",
              "path": "/nix/store/wswvdrbk6h74kwx6pv2ksrry4zisj906-actionlint-1.7.0",
              "default": true
            }
          ],
          "store_path": "/nix/store/wswvdrbk6h74kwx6pv2ksrry4zisj906-actionlint-1.7.0"
        },
        "aarch64-linux": {
          "outputs": [
            {
              "name": "out",
              "path": "/nix/store/niflh3dkckab6ql1kw7a05ry0mhdxma0-actionlint-1.7.0",
              "default": true
            }
          ],
          "store_path": "/nix/store/niflh3dkckab6ql1kw7a05ry0mhdxma0-actionlint-1.7.0"
        },
        "x86_64-darwin": {
          "outputs": [
            {
              "name": "out",
              "path": "/nix/store/f618p65qm43c0mlv2apmcfm3fq93pkd5-actionlint-1.7.0",
              "default": true
            }
          ],
          "store_path": "/nix/store/f618p65qm43c0mlv2apmcfm3fq93pkd5-actionlint-1.7.0"
        },
        "x86_64-linux": {
          "outputs": [
            {
              "name": "out",
              "path": "/nix/store/f5062p8wm5g3d2i1hxfypy442lrnd640-actionlint-1.7.0",
              "default": true
            }
          ],
          "store_path": "/nix/store/f5062p8wm5g3d2i1hxfypy442lrnd640-actionlint-1.7.0"
        }
      }
    },
    "coreutils@latest": {
      "last_modified": "2024-05-01T20:12:28Z",
      "resolved": "github:NixOS/nixpkgs/1c74cc292b61614e74c1cf0d372f79d57fb4936b#coreutils",
      "source": "devbox-search",
      "version": "9.5",
      "systems": {
        "aarch64-darwin": {
          "outputs": [
            {
              "name": "out",
              "path": "/nix/store/ssqkq33b9jb441g7baplb87z8vnyp34i-coreutils-9.5",
              "default": true
            },
            {
              "name": "info",
              "path": "/nix/store/n417gpwyz6dc7y7fr8cayl6hlm7izqc4-coreutils-9.5-info"
            }
          ],
          "store_path": "/nix/store/ssqkq33b9jb441g7baplb87z8vnyp34i-coreutils-9.5"
        },
        "aarch64-linux": {
          "outputs": [
            {
              "name": "out",
              "path": "/nix/store/ck96vd8ypzs8xxf7ags486n6s78gjfg3-coreutils-9.5",
              "default": true
            },
            {
              "name": "debug",
              "path": "/nix/store/x7b4c704j32ya8hqzxql9g4nzsj0zl3x-coreutils-9.5-debug"
            },
            {
              "name": "info",
              "path": "/nix/store/j14w6hyhrsdwpw0bl0bgwy4pw01889p0-coreutils-9.5-info"
            }
          ],
          "store_path": "/nix/store/ck96vd8ypzs8xxf7ags486n6s78gjfg3-coreutils-9.5"
        },
        "x86_64-darwin": {
          "outputs": [
            {
              "name": "out",
              "path": "/nix/store/4xiysj68rc0nq0s448csm68a5whyhvfr-coreutils-9.5",
              "default": true
            },
            {
              "name": "info",
              "path": "/nix/store/rlhcgllgks6qn00cdc4r3f76v487jcaw-coreutils-9.5-info"
            }
          ],
          "store_path": "/nix/store/4xiysj68rc0nq0s448csm68a5whyhvfr-coreutils-9.5"
        },
        "x86_64-linux": {
          "outputs": [
            {
              "name": "out",
              "path": "/nix/store/hq8765g3p1i7qbargnqli5mn0jpsdbfl-coreutils-9.5",
              "default": true
            },
            {
              "name": "debug",
              "path": "/nix/store/c9q41dbjn965dpj5627yhjhwwfvnjwj5-coreutils-9.5-debug"
            },
            {
              "name": "info",
              "path": "/nix/store/06myfnarr3941nq1ayda46mb60hv2zcm-coreutils-9.5-info"
            }
          ],
          "store_path": "/nix/store/hq8765g3p1i7qbargnqli5mn0jpsdbfl-coreutils-9.5"
        }
      }
    },
    "crane@latest": {
      "last_modified": "2024-05-03T15:42:32Z",
      "resolved": "github:NixOS/nixpkgs/5fd8536a9a5932d4ae8de52b7dc08d92041237fc#crane",
      "source": "devbox-search",
      "version": "0.19.1",
      "systems": {
        "aarch64-darwin": {
          "outputs": [
            {
              "name": "crane",
              "path": "/nix/store/03cckmcfpmc53qv520wxcywc2405fgkk-go-containerregistry-0.19.1-crane",
              "default": true
            },
            {
              "name": "out",
              "path": "/nix/store/zylk76gl343mc3iwb3m5404cjd72ia0h-go-containerregistry-0.19.1",
              "default": true
            },
            {
              "name": "gcrane",
              "path": "/nix/store/fjg6ivw8jh1gs3cp40ckr6v9862j7fgq-go-containerregistry-0.19.1-gcrane"
            }
          ],
          "store_path": "/nix/store/03cckmcfpmc53qv520wxcywc2405fgkk-go-containerregistry-0.19.1-crane"
        },
        "aarch64-linux": {
          "outputs": [
            {
              "name": "crane",
              "path": "/nix/store/a5kr9b9hs4zakv92db7jnzkwysi8yjdx-go-containerregistry-0.19.1-crane",
              "default": true
            },
            {
              "name": "out",
              "path": "/nix/store/bc76wajali7l92v9bdxbrb5015428aab-go-containerregistry-0.19.1",
              "default": true
            },
            {
              "name": "gcrane",
              "path": "/nix/store/mrvqfkdlnf6q85cggsb5r9a5qwanpqbz-go-containerregistry-0.19.1-gcrane"
            }
          ],
          "store_path": "/nix/store/a5kr9b9hs4zakv92db7jnzkwysi8yjdx-go-containerregistry-0.19.1-crane"
        },
        "x86_64-darwin": {
          "outputs": [
            {
              "name": "crane",
              "path": "/nix/store/75cy83qdbswydlv5fa1ydd0y553l0n46-go-containerregistry-0.19.1-crane",
              "default": true
            },
            {
              "name": "out",
              "path": "/nix/store/szbm13piya80xmf2k37y8iz6bkqg49n1-go-containerregistry-0.19.1",
              "default": true
            },
            {
              "name": "gcrane",
              "path": "/nix/store/m015skfapafh3vr7i7akp3f7rykzpjqd-go-containerregistry-0.19.1-gcrane"
            }
          ],
          "store_path": "/nix/store/75cy83qdbswydlv5fa1ydd0y553l0n46-go-containerregistry-0.19.1-crane"
        },
        "x86_64-linux": {
          "outputs": [
            {
              "name": "crane",
              "path": "/nix/store/pk8a8hsabhk0z27q4y5qmf7rzvmra9ls-go-containerregistry-0.19.1-crane",
              "default": true
            },
            {
              "name": "out",
              "path": "/nix/store/n740qvjwj3mrq829fcwrkjy426bl25wj-go-containerregistry-0.19.1",
              "default": true
            },
            {
              "name": "gcrane",
              "path": "/nix/store/0fi7ksyiwlvgzasg17sdivyi4jzih26b-go-containerregistry-0.19.1-gcrane"
            }
          ],
          "store_path": "/nix/store/pk8a8hsabhk0z27q4y5qmf7rzvmra9ls-go-containerregistry-0.19.1-crane"
        }
      }
    },
    "fd@latest": {
      "last_modified": "2024-05-10T13:10:33Z",
      "resolved": "github:NixOS/nixpkgs/d42c1c8d447a388e1f2776d22c77f5642d703da6#fd",
      "source": "devbox-search",
      "version": "9.0.0",
      "systems": {
        "aarch64-darwin": {
          "outputs": [
            {
              "name": "out",
              "path": "/nix/store/08p2aqlk2gf2hjwzd34pmky56s2jxn33-fd-9.0.0",
              "default": true
            }
          ],
          "store_path": "/nix/store/08p2aqlk2gf2hjwzd34pmky56s2jxn33-fd-9.0.0"
        },
        "aarch64-linux": {
          "outputs": [
            {
              "name": "out",
              "path": "/nix/store/g8b0i44nxxmv8wlsv8nzqggbhm65xwx6-fd-9.0.0",
              "default": true
            }
          ],
          "store_path": "/nix/store/g8b0i44nxxmv8wlsv8nzqggbhm65xwx6-fd-9.0.0"
        },
        "x86_64-darwin": {
          "outputs": [
            {
              "name": "out",
              "path": "/nix/store/kv9cahb3g66vw4lgkwpm688b0jvj82nr-fd-9.0.0",
              "default": true
            }
          ],
          "store_path": "/nix/store/kv9cahb3g66vw4lgkwpm688b0jvj82nr-fd-9.0.0"
        },
        "x86_64-linux": {
          "outputs": [
            {
              "name": "out",
              "path": "/nix/store/88n19yc22b3d4196k0adrl6bwinjd8rs-fd-9.0.0",
              "default": true
            }
          ],
          "store_path": "/nix/store/88n19yc22b3d4196k0adrl6bwinjd8rs-fd-9.0.0"
        }
      }
    },
    "ginkgo@latest": {
      "last_modified": "2024-05-09T02:03:45Z",
      "resolved": "github:NixOS/nixpkgs/ac34158a823c7596e0106c806d0b7df47885fa73#ginkgo",
      "source": "devbox-search",
      "version": "2.17.3",
      "systems": {
        "aarch64-darwin": {
          "outputs": [
            {
              "name": "out",
              "path": "/nix/store/idq6vclfz4xzkv7332zca4i54fqa3gz3-ginkgo-2.17.3",
              "default": true
            }
          ],
          "store_path": "/nix/store/idq6vclfz4xzkv7332zca4i54fqa3gz3-ginkgo-2.17.3"
        },
        "aarch64-linux": {
          "outputs": [
            {
              "name": "out",
              "path": "/nix/store/6zkbb591rn4vk8b9vqq8n0wnjkqz5dxf-ginkgo-2.17.3",
              "default": true
            }
          ],
          "store_path": "/nix/store/6zkbb591rn4vk8b9vqq8n0wnjkqz5dxf-ginkgo-2.17.3"
        },
        "x86_64-darwin": {
          "outputs": [
            {
              "name": "out",
              "path": "/nix/store/48k7sdb6jfs5hf5752vpb53fwgpaf9zi-ginkgo-2.17.3",
              "default": true
            }
          ],
          "store_path": "/nix/store/48k7sdb6jfs5hf5752vpb53fwgpaf9zi-ginkgo-2.17.3"
        },
        "x86_64-linux": {
          "outputs": [
            {
              "name": "out",
              "path": "/nix/store/4qfbqjlw80ph5hgxb9s8karjdz835247-ginkgo-2.17.3",
              "default": true
            }
          ],
          "store_path": "/nix/store/4qfbqjlw80ph5hgxb9s8karjdz835247-ginkgo-2.17.3"
        }
      }
    },
    "git@latest": {
      "last_modified": "2024-05-01T20:12:28Z",
      "resolved": "github:NixOS/nixpkgs/1c74cc292b61614e74c1cf0d372f79d57fb4936b#git",
      "source": "devbox-search",
      "version": "2.44.0",
      "systems": {
        "aarch64-darwin": {
          "outputs": [
            {
              "name": "out",
              "path": "/nix/store/m0xxxwbvmfkpr2xl8xglp6pdcy2b32yr-git-2.44.0",
              "default": true
            },
            {
              "name": "doc",
              "path": "/nix/store/ixfyjbvrvcgjd6pvlmwd837n7gpacpsh-git-2.44.0-doc"
            }
          ],
          "store_path": "/nix/store/m0xxxwbvmfkpr2xl8xglp6pdcy2b32yr-git-2.44.0"
        },
        "aarch64-linux": {
          "outputs": [
            {
              "name": "out",
              "path": "/nix/store/rmvzsr7815npnnisqj7lxsha206ipba6-git-2.44.0",
              "default": true
            },
            {
              "name": "debug",
              "path": "/nix/store/791yz6dpkms3dd8qsw7c8al6gq19icn6-git-2.44.0-debug"
            },
            {
              "name": "doc",
              "path": "/nix/store/60ksc8m233f52wh8kn6is8m2g2vjgwh1-git-2.44.0-doc"
            }
          ],
          "store_path": "/nix/store/rmvzsr7815npnnisqj7lxsha206ipba6-git-2.44.0"
        },
        "x86_64-darwin": {
          "outputs": [
            {
              "name": "out",
              "path": "/nix/store/31aiia9d9zfmk53wsc2pkixipmhpb2s6-git-2.44.0",
              "default": true
            },
            {
              "name": "doc",
              "path": "/nix/store/r10zhb4fvl4mgkwk67nc30mp0z3qs384-git-2.44.0-doc"
            }
          ],
          "store_path": "/nix/store/31aiia9d9zfmk53wsc2pkixipmhpb2s6-git-2.44.0"
        },
        "x86_64-linux": {
          "outputs": [
            {
              "name": "out",
              "path": "/nix/store/dgaiqi0gfwkh6wr2x6fdqzlhj2ii54lh-git-2.44.0",
              "default": true
            },
            {
              "name": "doc",
              "path": "/nix/store/nj2pfwq8cx5sz6cnv3sddp7w84ri9bq2-git-2.44.0-doc"
            },
            {
              "name": "debug",
              "path": "/nix/store/58hw9gbw3g740mip4bljjcwmynbrigyp-git-2.44.0-debug"
            }
          ],
          "store_path": "/nix/store/dgaiqi0gfwkh6wr2x6fdqzlhj2ii54lh-git-2.44.0"
        }
      }
    },
    "gnugrep@latest": {
      "last_modified": "2024-04-19T17:36:04-04:00",
      "resolved": "github:NixOS/nixpkgs/92d295f588631b0db2da509f381b4fb1e74173c5#gnugrep",
      "source": "devbox-search",
      "version": "3.11",
      "systems": {
        "aarch64-darwin": {
          "outputs": [
            {
              "name": "out",
              "path": "/nix/store/w57dxm682rl3b7ayf7ay8lsy9lkzmh7z-gnugrep-3.11",
              "default": true
            },
            {
              "name": "info",
              "path": "/nix/store/c66zkqmkggx6asnhnq7rw80pa2qzq6rv-gnugrep-3.11-info"
            }
          ],
          "store_path": "/nix/store/w57dxm682rl3b7ayf7ay8lsy9lkzmh7z-gnugrep-3.11"
        },
        "aarch64-linux": {
          "outputs": [
            {
              "name": "out",
              "path": "/nix/store/jnyxnrgn0r6c87fch6na6267wyczfgga-gnugrep-3.11",
              "default": true
            },
            {
              "name": "info",
              "path": "/nix/store/vlg30mjs6hm1cv0plp9yc74nrds997ps-gnugrep-3.11-info"
            }
          ],
          "store_path": "/nix/store/jnyxnrgn0r6c87fch6na6267wyczfgga-gnugrep-3.11"
        },
        "x86_64-darwin": {
          "outputs": [
            {
              "name": "out",
              "path": "/nix/store/qr2ga4l4pmlgls35h8q66dmyva8wmvmy-gnugrep-3.11",
              "default": true
            },
            {
              "name": "info",
              "path": "/nix/store/h6i6i2sp7f1yl3lrz5ihcqb3n9nx9f6y-gnugrep-3.11-info"
            }
          ],
          "store_path": "/nix/store/qr2ga4l4pmlgls35h8q66dmyva8wmvmy-gnugrep-3.11"
        },
        "x86_64-linux": {
          "outputs": [
            {
              "name": "out",
              "path": "/nix/store/gbrv0fn9a07kmdw2rg22iybdymylw4qc-gnugrep-3.11",
              "default": true
            },
            {
              "name": "info",
              "path": "/nix/store/7ffb0g090irnsgaf8snv2wgrg2809ib1-gnugrep-3.11-info"
            }
          ],
          "store_path": "/nix/store/gbrv0fn9a07kmdw2rg22iybdymylw4qc-gnugrep-3.11"
        }
      }
    },
    "gnused@latest": {
      "last_modified": "2024-05-03T15:42:32Z",
      "resolved": "github:NixOS/nixpkgs/5fd8536a9a5932d4ae8de52b7dc08d92041237fc#gnused",
      "source": "devbox-search",
      "version": "4.9",
      "systems": {
        "aarch64-darwin": {
          "outputs": [
            {
              "name": "out",
              "path": "/nix/store/sllpbnvia68b48wp15bgv7xp7rahix3a-gnused-4.9",
              "default": true
            },
            {
              "name": "info",
              "path": "/nix/store/r86gyhj4mx8qniz4iqrihq0bsqmw4iy6-gnused-4.9-info"
            }
          ],
          "store_path": "/nix/store/sllpbnvia68b48wp15bgv7xp7rahix3a-gnused-4.9"
        },
        "aarch64-linux": {
          "outputs": [
            {
              "name": "out",
              "path": "/nix/store/lql8aw5cli8jym5iwhcw81003vhv3swq-gnused-4.9",
              "default": true
            },
            {
              "name": "info",
              "path": "/nix/store/wxwxmhh46z2x5sd0r74i5dnzgrkrzc76-gnused-4.9-info"
            }
          ],
          "store_path": "/nix/store/lql8aw5cli8jym5iwhcw81003vhv3swq-gnused-4.9"
        },
        "x86_64-darwin": {
          "outputs": [
            {
              "name": "out",
              "path": "/nix/store/h3bzbdjgb3c93z0fk6r15pipsmh5ywad-gnused-4.9",
              "default": true
            },
            {
              "name": "info",
              "path": "/nix/store/l99njvx0ia0ss97z5hgdxnwk90nk18s0-gnused-4.9-info"
            }
          ],
          "store_path": "/nix/store/h3bzbdjgb3c93z0fk6r15pipsmh5ywad-gnused-4.9"
        },
        "x86_64-linux": {
          "outputs": [
            {
              "name": "out",
              "path": "/nix/store/ard747zf4fkkkqa0pwj3fxp9fhnyfm7p-gnused-4.9",
              "default": true
            },
            {
              "name": "info",
              "path": "/nix/store/jm2zc3iqm9hc26n3nfhc9k93ag46ipwb-gnused-4.9-info"
            }
          ],
          "store_path": "/nix/store/ard747zf4fkkkqa0pwj3fxp9fhnyfm7p-gnused-4.9"
        }
      }
    },
    "go-task@latest": {
      "last_modified": "2024-05-09T19:13:33Z",
      "resolved": "github:NixOS/nixpkgs/cc6431d5598071f0021efc6c009c79e5b5fe1617#go-task",
      "source": "devbox-search",
      "version": "3.37.0",
      "systems": {
        "aarch64-darwin": {
          "outputs": [
            {
              "name": "out",
              "path": "/nix/store/dikl38dxzlywsf13pn4x0z5as83pl40l-go-task-3.37.0",
              "default": true
            }
          ],
          "store_path": "/nix/store/dikl38dxzlywsf13pn4x0z5as83pl40l-go-task-3.37.0"
        },
        "aarch64-linux": {
          "outputs": [
            {
              "name": "out",
              "path": "/nix/store/f32cl3rkmlnzd3gq7fjl6fi1xpzng72k-go-task-3.37.0",
              "default": true
            }
          ],
          "store_path": "/nix/store/f32cl3rkmlnzd3gq7fjl6fi1xpzng72k-go-task-3.37.0"
        },
        "x86_64-darwin": {
          "outputs": [
            {
              "name": "out",
              "path": "/nix/store/6j20q4b4jrghy6sqfvqwil3v12rgiwrw-go-task-3.37.0",
              "default": true
            }
          ],
          "store_path": "/nix/store/6j20q4b4jrghy6sqfvqwil3v12rgiwrw-go-task-3.37.0"
        },
        "x86_64-linux": {
          "outputs": [
            {
              "name": "out",
              "path": "/nix/store/nlrggfnqlbvjgq9ql3pbyy2j10gbakqj-go-task-3.37.0",
              "default": true
            }
          ],
          "store_path": "/nix/store/nlrggfnqlbvjgq9ql3pbyy2j10gbakqj-go-task-3.37.0"
        }
      }
    },
    "go@latest": {
      "last_modified": "2024-04-19T21:36:04Z",
      "resolved": "github:NixOS/nixpkgs/92d295f588631b0db2da509f381b4fb1e74173c5#go",
      "source": "devbox-search",
      "version": "1.22.2",
      "systems": {
        "aarch64-darwin": {
          "outputs": [
            {
              "name": "out",
              "path": "/nix/store/x7gzwywk7mvjamdyc4n45fh62jks7lma-go-1.22.2",
              "default": true
            }
          ],
          "store_path": "/nix/store/x7gzwywk7mvjamdyc4n45fh62jks7lma-go-1.22.2"
        },
        "aarch64-linux": {
          "outputs": [
            {
              "name": "out",
              "path": "/nix/store/4gkcdi1pw8wm937pfn4fs9rs177kp6ja-go-1.22.2",
              "default": true
            }
          ],
          "store_path": "/nix/store/4gkcdi1pw8wm937pfn4fs9rs177kp6ja-go-1.22.2"
        },
        "x86_64-darwin": {
          "outputs": [
            {
              "name": "out",
              "path": "/nix/store/s26vypls3i2rvprj2jq7l1ypb5y12mq9-go-1.22.2",
              "default": true
            }
          ],
          "store_path": "/nix/store/s26vypls3i2rvprj2jq7l1ypb5y12mq9-go-1.22.2"
        },
        "x86_64-linux": {
          "outputs": [
            {
              "name": "out",
              "path": "/nix/store/3h6h9258rjb1idx44aql8m7r43f5pvzl-go-1.22.2",
              "default": true
            }
          ],
          "store_path": "/nix/store/3h6h9258rjb1idx44aql8m7r43f5pvzl-go-1.22.2"
        }
      }
    },
    "gojq@latest": {
      "last_modified": "2024-05-03T15:42:32Z",
      "resolved": "github:NixOS/nixpkgs/5fd8536a9a5932d4ae8de52b7dc08d92041237fc#gojq",
      "source": "devbox-search",
      "version": "0.12.15",
      "systems": {
        "aarch64-darwin": {
          "outputs": [
            {
              "name": "out",
              "path": "/nix/store/x3j3nb61xbi7h05nd4ir7zzjlz05lmfr-gojq-0.12.15",
              "default": true
            }
          ],
          "store_path": "/nix/store/x3j3nb61xbi7h05nd4ir7zzjlz05lmfr-gojq-0.12.15"
        },
        "aarch64-linux": {
          "outputs": [
            {
              "name": "out",
              "path": "/nix/store/v0xp7kzaaiqkmrqcpjgpap8llaa0pzh5-gojq-0.12.15",
              "default": true
            }
          ],
          "store_path": "/nix/store/v0xp7kzaaiqkmrqcpjgpap8llaa0pzh5-gojq-0.12.15"
        },
        "x86_64-darwin": {
          "outputs": [
            {
              "name": "out",
              "path": "/nix/store/lahf7ask3i06ycs0mb125rkx176krq0q-gojq-0.12.15",
              "default": true
            }
          ],
          "store_path": "/nix/store/lahf7ask3i06ycs0mb125rkx176krq0q-gojq-0.12.15"
        },
        "x86_64-linux": {
          "outputs": [
            {
              "name": "out",
              "path": "/nix/store/a6b7q5hdjzmfgq2ggx7lixc13gy979h7-gojq-0.12.15",
              "default": true
            }
          ],
          "store_path": "/nix/store/a6b7q5hdjzmfgq2ggx7lixc13gy979h7-gojq-0.12.15"
        }
      }
    },
    "golines@latest": {
      "last_modified": "2024-05-03T15:42:32Z",
      "resolved": "github:NixOS/nixpkgs/5fd8536a9a5932d4ae8de52b7dc08d92041237fc#golines",
      "source": "devbox-search",
      "version": "0.12.2",
      "systems": {
        "aarch64-darwin": {
          "outputs": [
            {
              "name": "out",
              "path": "/nix/store/50qpxxys851hkphrcfbq9x1zj65i6lcx-golines-0.12.2",
              "default": true
            }
          ],
          "store_path": "/nix/store/50qpxxys851hkphrcfbq9x1zj65i6lcx-golines-0.12.2"
        },
        "aarch64-linux": {
          "outputs": [
            {
              "name": "out",
              "path": "/nix/store/aafbk8ismkdyvvcj1zgf55d8k2bb76g7-golines-0.12.2",
              "default": true
            }
          ],
          "store_path": "/nix/store/aafbk8ismkdyvvcj1zgf55d8k2bb76g7-golines-0.12.2"
        },
        "x86_64-darwin": {
          "outputs": [
            {
              "name": "out",
              "path": "/nix/store/a59z5hpy45ly2pv3w993agdfk0z9wsgi-golines-0.12.2",
              "default": true
            }
          ],
          "store_path": "/nix/store/a59z5hpy45ly2pv3w993agdfk0z9wsgi-golines-0.12.2"
        },
        "x86_64-linux": {
          "outputs": [
            {
              "name": "out",
              "path": "/nix/store/azw2ayvqq2vb98bk65wi9lh6adraric3-golines-0.12.2",
              "default": true
            }
          ],
          "store_path": "/nix/store/azw2ayvqq2vb98bk65wi9lh6adraric3-golines-0.12.2"
        }
      }
    },
    "goreleaser@latest": {
      "last_modified": "2024-04-19T21:36:04Z",
      "resolved": "github:NixOS/nixpkgs/92d295f588631b0db2da509f381b4fb1e74173c5#goreleaser",
      "source": "devbox-search",
      "version": "1.25.1",
      "systems": {
        "aarch64-darwin": {
          "outputs": [
            {
              "name": "out",
              "path": "/nix/store/ilnb078zcij6ph351ll5fx29b2z2426i-goreleaser-1.25.1",
              "default": true
            }
          ],
          "store_path": "/nix/store/ilnb078zcij6ph351ll5fx29b2z2426i-goreleaser-1.25.1"
        },
        "aarch64-linux": {
          "outputs": [
            {
              "name": "out",
              "path": "/nix/store/yfiainjc2d067ij4z14s402qx7iq8w3a-goreleaser-1.25.1",
              "default": true
            }
          ],
          "store_path": "/nix/store/yfiainjc2d067ij4z14s402qx7iq8w3a-goreleaser-1.25.1"
        },
        "x86_64-darwin": {
          "outputs": [
            {
              "name": "out",
              "path": "/nix/store/c2yy1f6a35vibr366hkszcfh3d9igsx2-goreleaser-1.25.1",
              "default": true
            }
          ],
          "store_path": "/nix/store/c2yy1f6a35vibr366hkszcfh3d9igsx2-goreleaser-1.25.1"
        },
        "x86_64-linux": {
          "outputs": [
            {
              "name": "out",
              "path": "/nix/store/v082vbqs6fa9kpiinf01yk8mzznnk67v-goreleaser-1.25.1",
              "default": true
            }
          ],
          "store_path": "/nix/store/v082vbqs6fa9kpiinf01yk8mzznnk67v-goreleaser-1.25.1"
        }
      }
    },
    "gotestsum@latest": {
      "last_modified": "2024-05-02T04:40:54Z",
      "resolved": "github:NixOS/nixpkgs/ed1b2113b276eedc8b21347bb5abe30833f83283#gotestsum",
      "source": "devbox-search",
      "version": "1.11.0",
      "systems": {
        "aarch64-darwin": {
          "outputs": [
            {
              "name": "out",
              "path": "/nix/store/0xbn31njdma7i3dp6x7yrjmwlq7bscvb-gotestsum-1.11.0",
              "default": true
            }
          ],
          "store_path": "/nix/store/0xbn31njdma7i3dp6x7yrjmwlq7bscvb-gotestsum-1.11.0"
        },
        "aarch64-linux": {
          "outputs": [
            {
              "name": "out",
              "path": "/nix/store/6d6cwk5dkdwdkcd1v8ds2gi60973psd8-gotestsum-1.11.0",
              "default": true
            }
          ],
          "store_path": "/nix/store/6d6cwk5dkdwdkcd1v8ds2gi60973psd8-gotestsum-1.11.0"
        },
        "x86_64-darwin": {
          "outputs": [
            {
              "name": "out",
              "path": "/nix/store/aqfr90zbc02bgni1jbgh36i9i5vz2bgn-gotestsum-1.11.0",
              "default": true
            }
          ],
          "store_path": "/nix/store/aqfr90zbc02bgni1jbgh36i9i5vz2bgn-gotestsum-1.11.0"
        },
        "x86_64-linux": {
          "outputs": [
            {
              "name": "out",
              "path": "/nix/store/hpirm2a10zzs9gw4jrnq2xn5hk2c0g4i-gotestsum-1.11.0",
              "default": true
            }
          ],
          "store_path": "/nix/store/hpirm2a10zzs9gw4jrnq2xn5hk2c0g4i-gotestsum-1.11.0"
        }
      }
    },
    "govulncheck@latest": {
      "last_modified": "2024-05-03T15:42:32Z",
      "resolved": "github:NixOS/nixpkgs/5fd8536a9a5932d4ae8de52b7dc08d92041237fc#govulncheck",
      "source": "devbox-search",
      "version": "1.1.0",
      "systems": {
        "aarch64-darwin": {
          "outputs": [
            {
              "name": "out",
              "path": "/nix/store/g5hihmx4y4vwbk2ffmqh9g3jb9a5wfhv-govulncheck-1.1.0",
              "default": true
            }
          ],
          "store_path": "/nix/store/g5hihmx4y4vwbk2ffmqh9g3jb9a5wfhv-govulncheck-1.1.0"
        },
        "aarch64-linux": {
          "outputs": [
            {
              "name": "out",
              "path": "/nix/store/ygsw5n1lz62nzd2ygrlv9pi3zmsd9h9h-govulncheck-1.1.0",
              "default": true
            }
          ],
          "store_path": "/nix/store/ygsw5n1lz62nzd2ygrlv9pi3zmsd9h9h-govulncheck-1.1.0"
        },
        "x86_64-darwin": {
          "outputs": [
            {
              "name": "out",
              "path": "/nix/store/lp9ak63fvb63vjl05fadbaylb1p7k53j-govulncheck-1.1.0",
              "default": true
            }
          ],
          "store_path": "/nix/store/lp9ak63fvb63vjl05fadbaylb1p7k53j-govulncheck-1.1.0"
        },
        "x86_64-linux": {
          "outputs": [
            {
              "name": "out",
              "path": "/nix/store/8yk0cyhmin9l0xa969kx69q89qg29fam-govulncheck-1.1.0",
              "default": true
            }
          ],
          "store_path": "/nix/store/8yk0cyhmin9l0xa969kx69q89qg29fam-govulncheck-1.1.0"
        }
      }
    },
    "ko@latest": {
      "last_modified": "2024-05-08T09:42:30Z",
      "resolved": "github:NixOS/nixpkgs/c4200cb341ee794775185ecd4105fbbfb5ca73a0#ko",
      "source": "devbox-search",
      "version": "0.15.2",
      "systems": {
        "aarch64-darwin": {
          "outputs": [
            {
              "name": "out",
              "path": "/nix/store/f0h972c3q4cf916larl3i9l3fxnam30w-ko-0.15.2",
              "default": true
            }
          ],
          "store_path": "/nix/store/f0h972c3q4cf916larl3i9l3fxnam30w-ko-0.15.2"
        },
        "aarch64-linux": {
          "outputs": [
            {
              "name": "out",
              "path": "/nix/store/vk8yhsp9ar2c4vswvgr6kw79sr4prf5y-ko-0.15.2",
              "default": true
            }
          ],
          "store_path": "/nix/store/vk8yhsp9ar2c4vswvgr6kw79sr4prf5y-ko-0.15.2"
        },
        "x86_64-darwin": {
          "outputs": [
            {
              "name": "out",
              "path": "/nix/store/wzj6ljwz4z5vjw4pqd5zql47s5gdwbs0-ko-0.15.2",
              "default": true
            }
          ],
          "store_path": "/nix/store/wzj6ljwz4z5vjw4pqd5zql47s5gdwbs0-ko-0.15.2"
        },
        "x86_64-linux": {
          "outputs": [
            {
              "name": "out",
              "path": "/nix/store/s8vviasrwpgcl5qafy0s9l3y9rpkznv6-ko-0.15.2",
              "default": true
            }
          ],
          "store_path": "/nix/store/s8vviasrwpgcl5qafy0s9l3y9rpkznv6-ko-0.15.2"
        }
      }
    },
    "kubernetes-helm@latest": {
      "last_modified": "2024-04-19T17:36:04-04:00",
      "resolved": "github:NixOS/nixpkgs/92d295f588631b0db2da509f381b4fb1e74173c5#kubernetes-helm",
      "source": "devbox-search",
      "version": "3.14.4",
      "systems": {
        "aarch64-darwin": {
          "outputs": [
            {
              "name": "out",
              "path": "/nix/store/1rlaqgp0b551xzi4mi31wy2zwk3qbs4j-kubernetes-helm-3.14.4",
              "default": true
            }
          ],
          "store_path": "/nix/store/1rlaqgp0b551xzi4mi31wy2zwk3qbs4j-kubernetes-helm-3.14.4"
        },
        "aarch64-linux": {
          "outputs": [
            {
              "name": "out",
              "path": "/nix/store/jl1h7r1m77qi845ji1grrchgvcsjb7w6-kubernetes-helm-3.14.4",
              "default": true
            }
          ],
          "store_path": "/nix/store/jl1h7r1m77qi845ji1grrchgvcsjb7w6-kubernetes-helm-3.14.4"
        },
        "x86_64-darwin": {
          "outputs": [
            {
              "name": "out",
              "path": "/nix/store/hl7n59kix0bv78vgiq4irkscgyndm81h-kubernetes-helm-3.14.4",
              "default": true
            }
          ],
          "store_path": "/nix/store/hl7n59kix0bv78vgiq4irkscgyndm81h-kubernetes-helm-3.14.4"
        },
        "x86_64-linux": {
          "outputs": [
            {
              "name": "out",
              "path": "/nix/store/mg1wazgldz91y0k2nfks8w3imlpmf4k7-kubernetes-helm-3.14.4",
              "default": true
            }
          ],
          "store_path": "/nix/store/mg1wazgldz91y0k2nfks8w3imlpmf4k7-kubernetes-helm-3.14.4"
        }
      }
    },
    "pre-commit@latest": {
      "last_modified": "2024-05-06T15:07:38Z",
      "resolved": "github:NixOS/nixpkgs/860e65d27036476edfb85dd847d982277880b143#pre-commit",
      "source": "devbox-search",
      "version": "3.7.0",
      "systems": {
        "aarch64-darwin": {
          "outputs": [
            {
              "name": "out",
              "path": "/nix/store/ysk4j7nzfb1mlyc4nx7zvs71mlhr4lg7-pre-commit-3.7.0",
              "default": true
            },
            {
              "name": "dist",
              "path": "/nix/store/32w023770aciqnrag05wap4k5f8v6jkg-pre-commit-3.7.0-dist"
            }
          ],
          "store_path": "/nix/store/ysk4j7nzfb1mlyc4nx7zvs71mlhr4lg7-pre-commit-3.7.0"
        },
        "aarch64-linux": {
          "outputs": [
            {
              "name": "out",
              "path": "/nix/store/mscay1q7bqkd6xbs9474avsg1my51s6f-pre-commit-3.7.0",
              "default": true
            },
            {
              "name": "dist",
              "path": "/nix/store/gjd0brr271a8k56h78yh7h36krxbfp9i-pre-commit-3.7.0-dist"
            }
          ],
          "store_path": "/nix/store/mscay1q7bqkd6xbs9474avsg1my51s6f-pre-commit-3.7.0"
        },
        "x86_64-darwin": {
          "outputs": [
            {
              "name": "out",
              "path": "/nix/store/abkdh4fa9rcycwi87n7w0yqazfavydkp-pre-commit-3.7.0",
              "default": true
            },
            {
              "name": "dist",
              "path": "/nix/store/xp3jp6yq4155iibcm7lgcbvwlg63kqxl-pre-commit-3.7.0-dist"
            }
          ],
          "store_path": "/nix/store/abkdh4fa9rcycwi87n7w0yqazfavydkp-pre-commit-3.7.0"
        },
        "x86_64-linux": {
          "outputs": [
            {
              "name": "out",
              "path": "/nix/store/86xlgibvlyfag4hmdclkvgk0qkmcpp25-pre-commit-3.7.0",
              "default": true
            },
            {
              "name": "dist",
              "path": "/nix/store/7ap1fmxdwxnycyfn4rfx0qxx8f40idix-pre-commit-3.7.0-dist"
            }
          ],
          "store_path": "/nix/store/86xlgibvlyfag4hmdclkvgk0qkmcpp25-pre-commit-3.7.0"
        }
      }
    },
    "shfmt@latest": {
      "last_modified": "2024-05-03T15:42:32Z",
      "resolved": "github:NixOS/nixpkgs/5fd8536a9a5932d4ae8de52b7dc08d92041237fc#shfmt",
      "source": "devbox-search",
      "version": "3.8.0",
      "systems": {
        "aarch64-darwin": {
          "outputs": [
            {
              "name": "out",
              "path": "/nix/store/26az9y8bf1r1xknfl6p7vxvw067kqdak-shfmt-3.8.0",
              "default": true
            }
          ],
          "store_path": "/nix/store/26az9y8bf1r1xknfl6p7vxvw067kqdak-shfmt-3.8.0"
        },
        "aarch64-linux": {
          "outputs": [
            {
              "name": "out",
              "path": "/nix/store/4g57adzvp11gwiv16n4bkc5ikzir4lml-shfmt-3.8.0",
              "default": true
            }
          ],
          "store_path": "/nix/store/4g57adzvp11gwiv16n4bkc5ikzir4lml-shfmt-3.8.0"
        },
        "x86_64-darwin": {
          "outputs": [
            {
              "name": "out",
              "path": "/nix/store/9ng247brll7wshkzjg63rip0qsa369h8-shfmt-3.8.0",
              "default": true
            }
          ],
          "store_path": "/nix/store/9ng247brll7wshkzjg63rip0qsa369h8-shfmt-3.8.0"
        },
        "x86_64-linux": {
          "outputs": [
            {
              "name": "out",
              "path": "/nix/store/w8rmc8xx4cs1kfjfy8cnsdcdipjipylf-shfmt-3.8.0",
              "default": true
            }
          ],
          "store_path": "/nix/store/w8rmc8xx4cs1kfjfy8cnsdcdipjipylf-shfmt-3.8.0"
        }
      }
    },
    "upx@latest": {
      "last_modified": "2024-04-19T17:36:04-04:00",
      "resolved": "github:NixOS/nixpkgs/92d295f588631b0db2da509f381b4fb1e74173c5#upx",
      "source": "devbox-search",
      "version": "4.2.3",
      "systems": {
        "aarch64-darwin": {
          "outputs": [
            {
              "name": "out",
              "path": "/nix/store/ahpngrjbqzhswp00gmppv8kqjiq1igcw-upx-4.2.3",
              "default": true
            }
          ],
          "store_path": "/nix/store/ahpngrjbqzhswp00gmppv8kqjiq1igcw-upx-4.2.3"
        },
        "aarch64-linux": {
          "outputs": [
            {
              "name": "out",
              "path": "/nix/store/rv8hn3mv2fwac9v8va9lbcxlsjgjd38z-upx-4.2.3",
              "default": true
            }
          ],
          "store_path": "/nix/store/rv8hn3mv2fwac9v8va9lbcxlsjgjd38z-upx-4.2.3"
        },
        "x86_64-darwin": {
          "outputs": [
            {
              "name": "out",
              "path": "/nix/store/m2absfl2shmk5aci02bqc9sa77j6s5hs-upx-4.2.3",
              "default": true
            }
          ],
          "store_path": "/nix/store/m2absfl2shmk5aci02bqc9sa77j6s5hs-upx-4.2.3"
        },
        "x86_64-linux": {
          "outputs": [
            {
              "name": "out",
              "path": "/nix/store/mfbx7das6k64b2d66kyqz078wmxa4xi5-upx-4.2.3",
              "default": true
            }
          ],
          "store_path": "/nix/store/mfbx7das6k64b2d66kyqz078wmxa4xi5-upx-4.2.3"
        }
      }
    }
  }
}
